// !$*UTF8*$!
{
	archiveVersion = 1;
	classes = {
	};
	objectVersion = 46;
	objects = {

/* Begin PBXBuildFile section */
		8A24C98C1D95C9B40001C31C /* PlaySoundsViewControllerExtension.swift in Sources */ = {isa = PBXBuildFile; fileRef = 8A24C98B1D95C9B40001C31C /* PlaySoundsViewControllerExtension.swift */; };
		8ADAF8281D747B660039D088 /* AppDelegate.swift in Sources */ = {isa = PBXBuildFile; fileRef = 8ADAF8271D747B660039D088 /* AppDelegate.swift */; };
		8ADAF82A1D747B660039D088 /* RecordSoundsViewController.swift in Sources */ = {isa = PBXBuildFile; fileRef = 8ADAF8291D747B660039D088 /* RecordSoundsViewController.swift */; };
		8ADAF82D1D747B660039D088 /* Main.storyboard in Resources */ = {isa = PBXBuildFile; fileRef = 8ADAF82B1D747B660039D088 /* Main.storyboard */; };
		8ADAF82F1D747B660039D088 /* Assets.xcassets in Resources */ = {isa = PBXBuildFile; fileRef = 8ADAF82E1D747B660039D088 /* Assets.xcassets */; };
		8ADAF8321D747B660039D088 /* LaunchScreen.storyboard in Resources */ = {isa = PBXBuildFile; fileRef = 8ADAF8301D747B660039D088 /* LaunchScreen.storyboard */; };
		8ADAF83D1D747B660039D088 /* PitchPerfectTests.swift in Sources */ = {isa = PBXBuildFile; fileRef = 8ADAF83C1D747B660039D088 /* PitchPerfectTests.swift */; };
		8ADAF8481D747B660039D088 /* PitchPerfectUITests.swift in Sources */ = {isa = PBXBuildFile; fileRef = 8ADAF8471D747B660039D088 /* PitchPerfectUITests.swift */; };
		8ADAF8561D7546070039D088 /* PlaySoundsViewController.swift in Sources */ = {isa = PBXBuildFile; fileRef = 8ADAF8551D7546070039D088 /* PlaySoundsViewController.swift */; };
		8ADAF85A1D7695E60039D088 /* RecordedObject.swift in Sources */ = {isa = PBXBuildFile; fileRef = 8ADAF8591D7695E60039D088 /* RecordedObject.swift */; };
/* End PBXBuildFile section */

/* Begin PBXContainerItemProxy section */
		8ADAF8391D747B660039D088 /* PBXContainerItemProxy */ = {
			isa = PBXContainerItemProxy;
			containerPortal = 8ADAF81C1D747B660039D088 /* Project object */;
			proxyType = 1;
			remoteGlobalIDString = 8ADAF8231D747B660039D088;
			remoteInfo = PitchPerfect;
		};
		8ADAF8441D747B660039D088 /* PBXContainerItemProxy */ = {
			isa = PBXContainerItemProxy;
			containerPortal = 8ADAF81C1D747B660039D088 /* Project object */;
			proxyType = 1;
			remoteGlobalIDString = 8ADAF8231D747B660039D088;
			remoteInfo = PitchPerfect;
		};
/* End PBXContainerItemProxy section */

/* Begin PBXFileReference section */
		8A24C98B1D95C9B40001C31C /* PlaySoundsViewControllerExtension.swift */ = {isa = PBXFileReference; fileEncoding = 4; lastKnownFileType = sourcecode.swift; path = PlaySoundsViewControllerExtension.swift; sourceTree = "<group>"; };
		8ADAF8241D747B660039D088 /* PitchPerfect.app */ = {isa = PBXFileReference; explicitFileType = wrapper.application; includeInIndex = 0; path = PitchPerfect.app; sourceTree = BUILT_PRODUCTS_DIR; };
		8ADAF8271D747B660039D088 /* AppDelegate.swift */ = {isa = PBXFileReference; lastKnownFileType = sourcecode.swift; path = AppDelegate.swift; sourceTree = "<group>"; };
		8ADAF8291D747B660039D088 /* RecordSoundsViewController.swift */ = {isa = PBXFileReference; lastKnownFileType = sourcecode.swift; path = RecordSoundsViewController.swift; sourceTree = "<group>"; };
		8ADAF82C1D747B660039D088 /* Base */ = {isa = PBXFileReference; lastKnownFileType = file.storyboard; name = Base; path = Base.lproj/Main.storyboard; sourceTree = "<group>"; };
		8ADAF82E1D747B660039D088 /* Assets.xcassets */ = {isa = PBXFileReference; lastKnownFileType = folder.assetcatalog; path = Assets.xcassets; sourceTree = "<group>"; };
		8ADAF8311D747B660039D088 /* Base */ = {isa = PBXFileReference; lastKnownFileType = file.storyboard; name = Base; path = Base.lproj/LaunchScreen.storyboard; sourceTree = "<group>"; };
		8ADAF8331D747B660039D088 /* Info.plist */ = {isa = PBXFileReference; lastKnownFileType = text.plist.xml; path = Info.plist; sourceTree = "<group>"; };
		8ADAF8381D747B660039D088 /* PitchPerfectTests.xctest */ = {isa = PBXFileReference; explicitFileType = wrapper.cfbundle; includeInIndex = 0; path = PitchPerfectTests.xctest; sourceTree = BUILT_PRODUCTS_DIR; };
		8ADAF83C1D747B660039D088 /* PitchPerfectTests.swift */ = {isa = PBXFileReference; lastKnownFileType = sourcecode.swift; path = PitchPerfectTests.swift; sourceTree = "<group>"; };
		8ADAF83E1D747B660039D088 /* Info.plist */ = {isa = PBXFileReference; lastKnownFileType = text.plist.xml; path = Info.plist; sourceTree = "<group>"; };
		8ADAF8431D747B660039D088 /* PitchPerfectUITests.xctest */ = {isa = PBXFileReference; explicitFileType = wrapper.cfbundle; includeInIndex = 0; path = PitchPerfectUITests.xctest; sourceTree = BUILT_PRODUCTS_DIR; };
		8ADAF8471D747B660039D088 /* PitchPerfectUITests.swift */ = {isa = PBXFileReference; lastKnownFileType = sourcecode.swift; path = PitchPerfectUITests.swift; sourceTree = "<group>"; };
		8ADAF8491D747B660039D088 /* Info.plist */ = {isa = PBXFileReference; lastKnownFileType = text.plist.xml; path = Info.plist; sourceTree = "<group>"; };
		8ADAF8551D7546070039D088 /* PlaySoundsViewController.swift */ = {isa = PBXFileReference; fileEncoding = 4; lastKnownFileType = sourcecode.swift; path = PlaySoundsViewController.swift; sourceTree = "<group>"; };
		8ADAF8591D7695E60039D088 /* RecordedObject.swift */ = {isa = PBXFileReference; fileEncoding = 4; lastKnownFileType = sourcecode.swift; path = RecordedObject.swift; sourceTree = "<group>"; };
/* End PBXFileReference section */

/* Begin PBXFrameworksBuildPhase section */
		8ADAF8211D747B660039D088 /* Frameworks */ = {
			isa = PBXFrameworksBuildPhase;
			buildActionMask = 2147483647;
			files = (
			);
			runOnlyForDeploymentPostprocessing = 0;
		};
		8ADAF8351D747B660039D088 /* Frameworks */ = {
			isa = PBXFrameworksBuildPhase;
			buildActionMask = 2147483647;
			files = (
			);
			runOnlyForDeploymentPostprocessing = 0;
		};
		8ADAF8401D747B660039D088 /* Frameworks */ = {
			isa = PBXFrameworksBuildPhase;
			buildActionMask = 2147483647;
			files = (
			);
			runOnlyForDeploymentPostprocessing = 0;
		};
/* End PBXFrameworksBuildPhase section */

/* Begin PBXGroup section */
		8ADAF81B1D747B660039D088 = {
			isa = PBXGroup;
			children = (
				8ADAF8261D747B660039D088 /* PitchPerfect */,
				8ADAF83B1D747B660039D088 /* PitchPerfectTests */,
				8ADAF8461D747B660039D088 /* PitchPerfectUITests */,
				8ADAF8251D747B660039D088 /* Products */,
			);
			sourceTree = "<group>";
		};
		8ADAF8251D747B660039D088 /* Products */ = {
			isa = PBXGroup;
			children = (
				8ADAF8241D747B660039D088 /* PitchPerfect.app */,
				8ADAF8381D747B660039D088 /* PitchPerfectTests.xctest */,
				8ADAF8431D747B660039D088 /* PitchPerfectUITests.xctest */,
			);
			name = Products;
			sourceTree = "<group>";
		};
		8ADAF8261D747B660039D088 /* PitchPerfect */ = {
			isa = PBXGroup;
			children = (
				8ADAF8271D747B660039D088 /* AppDelegate.swift */,
				8ADAF8291D747B660039D088 /* RecordSoundsViewController.swift */,
				8ADAF8551D7546070039D088 /* PlaySoundsViewController.swift */,
				8A24C98B1D95C9B40001C31C /* PlaySoundsViewControllerExtension.swift */,
				8ADAF82B1D747B660039D088 /* Main.storyboard */,
				8ADAF8591D7695E60039D088 /* RecordedObject.swift */,
				8ADAF82E1D747B660039D088 /* Assets.xcassets */,
				8ADAF8301D747B660039D088 /* LaunchScreen.storyboard */,
				8ADAF8331D747B660039D088 /* Info.plist */,
			);
			path = PitchPerfect;
			sourceTree = "<group>";
		};
		8ADAF83B1D747B660039D088 /* PitchPerfectTests */ = {
			isa = PBXGroup;
			children = (
				8ADAF83C1D747B660039D088 /* PitchPerfectTests.swift */,
				8ADAF83E1D747B660039D088 /* Info.plist */,
			);
			path = PitchPerfectTests;
			sourceTree = "<group>";
		};
		8ADAF8461D747B660039D088 /* PitchPerfectUITests */ = {
			isa = PBXGroup;
			children = (
				8ADAF8471D747B660039D088 /* PitchPerfectUITests.swift */,
				8ADAF8491D747B660039D088 /* Info.plist */,
			);
			path = PitchPerfectUITests;
			sourceTree = "<group>";
		};
/* End PBXGroup section */

/* Begin PBXNativeTarget section */
		8ADAF8231D747B660039D088 /* PitchPerfect */ = {
			isa = PBXNativeTarget;
			buildConfigurationList = 8ADAF84C1D747B660039D088 /* Build configuration list for PBXNativeTarget "PitchPerfect" */;
			buildPhases = (
				8ADAF8201D747B660039D088 /* Sources */,
				8ADAF8211D747B660039D088 /* Frameworks */,
				8ADAF8221D747B660039D088 /* Resources */,
			);
			buildRules = (
			);
			dependencies = (
			);
			name = PitchPerfect;
			productName = PitchPerfect;
			productReference = 8ADAF8241D747B660039D088 /* PitchPerfect.app */;
			productType = "com.apple.product-type.application";
		};
		8ADAF8371D747B660039D088 /* PitchPerfectTests */ = {
			isa = PBXNativeTarget;
			buildConfigurationList = 8ADAF84F1D747B660039D088 /* Build configuration list for PBXNativeTarget "PitchPerfectTests" */;
			buildPhases = (
				8ADAF8341D747B660039D088 /* Sources */,
				8ADAF8351D747B660039D088 /* Frameworks */,
				8ADAF8361D747B660039D088 /* Resources */,
			);
			buildRules = (
			);
			dependencies = (
				8ADAF83A1D747B660039D088 /* PBXTargetDependency */,
			);
			name = PitchPerfectTests;
			productName = PitchPerfectTests;
			productReference = 8ADAF8381D747B660039D088 /* PitchPerfectTests.xctest */;
			productType = "com.apple.product-type.bundle.unit-test";
		};
		8ADAF8421D747B660039D088 /* PitchPerfectUITests */ = {
			isa = PBXNativeTarget;
			buildConfigurationList = 8ADAF8521D747B660039D088 /* Build configuration list for PBXNativeTarget "PitchPerfectUITests" */;
			buildPhases = (
				8ADAF83F1D747B660039D088 /* Sources */,
				8ADAF8401D747B660039D088 /* Frameworks */,
				8ADAF8411D747B660039D088 /* Resources */,
			);
			buildRules = (
			);
			dependencies = (
				8ADAF8451D747B660039D088 /* PBXTargetDependency */,
			);
			name = PitchPerfectUITests;
			productName = PitchPerfectUITests;
			productReference = 8ADAF8431D747B660039D088 /* PitchPerfectUITests.xctest */;
			productType = "com.apple.product-type.bundle.ui-testing";
		};
/* End PBXNativeTarget section */

/* Begin PBXProject section */
		8ADAF81C1D747B660039D088 /* Project object */ = {
			isa = PBXProject;
			attributes = {
				LastSwiftUpdateCheck = 0730;
				LastUpgradeCheck = 0800;
				ORGANIZATIONNAME = Kothapalli;
				TargetAttributes = {
					8ADAF8231D747B660039D088 = {
						CreatedOnToolsVersion = 7.3.1;
						DevelopmentTeam = J76HZ8P9J7;
						LastSwiftMigration = 0800;
					};
					8ADAF8371D747B660039D088 = {
						CreatedOnToolsVersion = 7.3.1;
						LastSwiftMigration = 0800;
						TestTargetID = 8ADAF8231D747B660039D088;
					};
					8ADAF8421D747B660039D088 = {
						CreatedOnToolsVersion = 7.3.1;
						LastSwiftMigration = 0800;
						TestTargetID = 8ADAF8231D747B660039D088;
					};
				};
			};
			buildConfigurationList = 8ADAF81F1D747B660039D088 /* Build configuration list for PBXProject "PitchPerfect" */;
			compatibilityVersion = "Xcode 3.2";
			developmentRegion = English;
			hasScannedForEncodings = 0;
			knownRegions = (
				en,
				Base,
			);
			mainGroup = 8ADAF81B1D747B660039D088;
			productRefGroup = 8ADAF8251D747B660039D088 /* Products */;
			projectDirPath = "";
			projectRoot = "";
			targets = (
				8ADAF8231D747B660039D088 /* PitchPerfect */,
				8ADAF8371D747B660039D088 /* PitchPerfectTests */,
				8ADAF8421D747B660039D088 /* PitchPerfectUITests */,
			);
		};
/* End PBXProject section */

/* Begin PBXResourcesBuildPhase section */
		8ADAF8221D747B660039D088 /* Resources */ = {
			isa = PBXResourcesBuildPhase;
			buildActionMask = 2147483647;
			files = (
				8ADAF8321D747B660039D088 /* LaunchScreen.storyboard in Resources */,
				8ADAF82F1D747B660039D088 /* Assets.xcassets in Resources */,
				8ADAF82D1D747B660039D088 /* Main.storyboard in Resources */,
			);
			runOnlyForDeploymentPostprocessing = 0;
		};
		8ADAF8361D747B660039D088 /* Resources */ = {
			isa = PBXResourcesBuildPhase;
			buildActionMask = 2147483647;
			files = (
			);
			runOnlyForDeploymentPostprocessing = 0;
		};
		8ADAF8411D747B660039D088 /* Resources */ = {
			isa = PBXResourcesBuildPhase;
			buildActionMask = 2147483647;
			files = (
			);
			runOnlyForDeploymentPostprocessing = 0;
		};
/* End PBXResourcesBuildPhase section */

/* Begin PBXSourcesBuildPhase section */
		8ADAF8201D747B660039D088 /* Sources */ = {
			isa = PBXSourcesBuildPhase;
			buildActionMask = 2147483647;
			files = (
				8ADAF82A1D747B660039D088 /* RecordSoundsViewController.swift in Sources */,
				8ADAF85A1D7695E60039D088 /* RecordedObject.swift in Sources */,
				8ADAF8561D7546070039D088 /* PlaySoundsViewController.swift in Sources */,
				8ADAF8281D747B660039D088 /* AppDelegate.swift in Sources */,
				8A24C98C1D95C9B40001C31C /* PlaySoundsViewControllerExtension.swift in Sources */,
			);
			runOnlyForDeploymentPostprocessing = 0;
		};
		8ADAF8341D747B660039D088 /* Sources */ = {
			isa = PBXSourcesBuildPhase;
			buildActionMask = 2147483647;
			files = (
				8ADAF83D1D747B660039D088 /* PitchPerfectTests.swift in Sources */,
			);
			runOnlyForDeploymentPostprocessing = 0;
		};
		8ADAF83F1D747B660039D088 /* Sources */ = {
			isa = PBXSourcesBuildPhase;
			buildActionMask = 2147483647;
			files = (
				8ADAF8481D747B660039D088 /* PitchPerfectUITests.swift in Sources */,
			);
			runOnlyForDeploymentPostprocessing = 0;
		};
/* End PBXSourcesBuildPhase section */

/* Begin PBXTargetDependency section */
		8ADAF83A1D747B660039D088 /* PBXTargetDependency */ = {
			isa = PBXTargetDependency;
			target = 8ADAF8231D747B660039D088 /* PitchPerfect */;
			targetProxy = 8ADAF8391D747B660039D088 /* PBXContainerItemProxy */;
		};
		8ADAF8451D747B660039D088 /* PBXTargetDependency */ = {
			isa = PBXTargetDependency;
			target = 8ADAF8231D747B660039D088 /* PitchPerfect */;
			targetProxy = 8ADAF8441D747B660039D088 /* PBXContainerItemProxy */;
		};
/* End PBXTargetDependency section */

/* Begin PBXVariantGroup section */
		8ADAF82B1D747B660039D088 /* Main.storyboard */ = {
			isa = PBXVariantGroup;
			children = (
				8ADAF82C1D747B660039D088 /* Base */,
			);
			name = Main.storyboard;
			sourceTree = "<group>";
		};
		8ADAF8301D747B660039D088 /* LaunchScreen.storyboard */ = {
			isa = PBXVariantGroup;
			children = (
				8ADAF8311D747B660039D088 /* Base */,
			);
			name = LaunchScreen.storyboard;
			sourceTree = "<group>";
		};
/* End PBXVariantGroup section */

/* Begin XCBuildConfiguration section */
		8ADAF84A1D747B660039D088 /* Debug */ = {
			isa = XCBuildConfiguration;
			buildSettings = {
				ALWAYS_SEARCH_USER_PATHS = NO;
				CLANG_ANALYZER_NONNULL = YES;
				CLANG_CXX_LANGUAGE_STANDARD = "gnu++0x";
				CLANG_CXX_LIBRARY = "libc++";
				CLANG_ENABLE_MODULES = YES;
				CLANG_ENABLE_OBJC_ARC = YES;
				CLANG_WARN_BOOL_CONVERSION = YES;
				CLANG_WARN_CONSTANT_CONVERSION = YES;
				CLANG_WARN_DIRECT_OBJC_ISA_USAGE = YES_ERROR;
				CLANG_WARN_EMPTY_BODY = YES;
				CLANG_WARN_ENUM_CONVERSION = YES;
				CLANG_WARN_INFINITE_RECURSION = YES;
				CLANG_WARN_INT_CONVERSION = YES;
				CLANG_WARN_OBJC_ROOT_CLASS = YES_ERROR;
				CLANG_WARN_SUSPICIOUS_MOVE = YES;
				CLANG_WARN_UNREACHABLE_CODE = YES;
				CLANG_WARN__DUPLICATE_METHOD_MATCH = YES;
				"CODE_SIGN_IDENTITY[sdk=iphoneos*]" = "iPhone Developer";
				COPY_PHASE_STRIP = NO;
				DEBUG_INFORMATION_FORMAT = dwarf;
				ENABLE_STRICT_OBJC_MSGSEND = YES;
				ENABLE_TESTABILITY = YES;
				GCC_C_LANGUAGE_STANDARD = gnu99;
				GCC_DYNAMIC_NO_PIC = NO;
				GCC_NO_COMMON_BLOCKS = YES;
				GCC_OPTIMIZATION_LEVEL = 0;
				GCC_PREPROCESSOR_DEFINITIONS = (
					"DEBUG=1",
					"$(inherited)",
				);
				GCC_WARN_64_TO_32_BIT_CONVERSION = YES;
				GCC_WARN_ABOUT_RETURN_TYPE = YES_ERROR;
				GCC_WARN_UNDECLARED_SELECTOR = YES;
				GCC_WARN_UNINITIALIZED_AUTOS = YES_AGGRESSIVE;
				GCC_WARN_UNUSED_FUNCTION = YES;
				GCC_WARN_UNUSED_VARIABLE = YES;
				IPHONEOS_DEPLOYMENT_TARGET = 10.0;
				MTL_ENABLE_DEBUG_INFO = YES;
				ONLY_ACTIVE_ARCH = YES;
				SDKROOT = iphoneos;
				SWIFT_OPTIMIZATION_LEVEL = "-Onone";
				TARGETED_DEVICE_FAMILY = "1,2";
			};
			name = Debug;
		};
		8ADAF84B1D747B660039D088 /* Release */ = {
			isa = XCBuildConfiguration;
			buildSettings = {
				ALWAYS_SEARCH_USER_PATHS = NO;
				CLANG_ANALYZER_NONNULL = YES;
				CLANG_CXX_LANGUAGE_STANDARD = "gnu++0x";
				CLANG_CXX_LIBRARY = "libc++";
				CLANG_ENABLE_MODULES = YES;
				CLANG_ENABLE_OBJC_ARC = YES;
				CLANG_WARN_BOOL_CONVERSION = YES;
				CLANG_WARN_CONSTANT_CONVERSION = YES;
				CLANG_WARN_DIRECT_OBJC_ISA_USAGE = YES_ERROR;
				CLANG_WARN_EMPTY_BODY = YES;
				CLANG_WARN_ENUM_CONVERSION = YES;
				CLANG_WARN_INFINITE_RECURSION = YES;
				CLANG_WARN_INT_CONVERSION = YES;
				CLANG_WARN_OBJC_ROOT_CLASS = YES_ERROR;
				CLANG_WARN_SUSPICIOUS_MOVE = YES;
				CLANG_WARN_UNREACHABLE_CODE = YES;
				CLANG_WARN__DUPLICATE_METHOD_MATCH = YES;
				"CODE_SIGN_IDENTITY[sdk=iphoneos*]" = "iPhone Developer";
				COPY_PHASE_STRIP = NO;
				DEBUG_INFORMATION_FORMAT = "dwarf-with-dsym";
				ENABLE_NS_ASSERTIONS = NO;
				ENABLE_STRICT_OBJC_MSGSEND = YES;
				GCC_C_LANGUAGE_STANDARD = gnu99;
				GCC_NO_COMMON_BLOCKS = YES;
				GCC_WARN_64_TO_32_BIT_CONVERSION = YES;
				GCC_WARN_ABOUT_RETURN_TYPE = YES_ERROR;
				GCC_WARN_UNDECLARED_SELECTOR = YES;
				GCC_WARN_UNINITIALIZED_AUTOS = YES_AGGRESSIVE;
				GCC_WARN_UNUSED_FUNCTION = YES;
				GCC_WARN_UNUSED_VARIABLE = YES;
				IPHONEOS_DEPLOYMENT_TARGET = 10.0;
				MTL_ENABLE_DEBUG_INFO = NO;
				SDKROOT = iphoneos;
				SWIFT_OPTIMIZATION_LEVEL = "-Owholemodule";
				TARGETED_DEVICE_FAMILY = "1,2";
				VALIDATE_PRODUCT = YES;
			};
			name = Release;
		};
		8ADAF84D1D747B660039D088 /* Debug */ = {
			isa = XCBuildConfiguration;
			buildSettings = {
				ASSETCATALOG_COMPILER_APPICON_NAME = AppIcon;
				CODE_SIGN_IDENTITY = "iPhone Developer";
				INFOPLIST_FILE = PitchPerfect/Info.plist;
				IPHONEOS_DEPLOYMENT_TARGET = 10.0;
				LD_RUNPATH_SEARCH_PATHS = "$(inherited) @executable_path/Frameworks";
				PRODUCT_BUNDLE_IDENTIFIER = com.shashank.PitchPerfect;
				PRODUCT_NAME = "$(TARGET_NAME)";
				SWIFT_VERSION = 3.0;
			};
			name = Debug;
		};
		8ADAF84E1D747B660039D088 /* Release */ = {
			isa = XCBuildConfiguration;
			buildSettings = {
				ASSETCATALOG_COMPILER_APPICON_NAME = AppIcon;
				CODE_SIGN_IDENTITY = "iPhone Developer";
				INFOPLIST_FILE = PitchPerfect/Info.plist;
				IPHONEOS_DEPLOYMENT_TARGET = 10.0;
				LD_RUNPATH_SEARCH_PATHS = "$(inherited) @executable_path/Frameworks";
				PRODUCT_BUNDLE_IDENTIFIER = com.shashank.PitchPerfect;
				PRODUCT_NAME = "$(TARGET_NAME)";
				SWIFT_VERSION = 3.0;
			};
			name = Release;
		};
		8ADAF8501D747B660039D088 /* Debug */ = {
			isa = XCBuildConfiguration;
			buildSettings = {
				BUNDLE_LOADER = "$(TEST_HOST)";
				INFOPLIST_FILE = PitchPerfectTests/Info.plist;
				LD_RUNPATH_SEARCH_PATHS = "$(inherited) @executable_path/Frameworks @loader_path/Frameworks";
				PRODUCT_BUNDLE_IDENTIFIER = com.shashank.PitchPerfectTests;
				PRODUCT_NAME = "$(TARGET_NAME)";
				SWIFT_VERSION = 3.0;
				TEST_HOST = "$(BUILT_PRODUCTS_DIR)/PitchPerfect.app/PitchPerfect";
			};
			name = Debug;
		};
		8ADAF8511D747B660039D088 /* Release */ = {
			isa = XCBuildConfiguration;
			buildSettings = {
				BUNDLE_LOADER = "$(TEST_HOST)";
				INFOPLIST_FILE = PitchPerfectTests/Info.plist;
				LD_RUNPATH_SEARCH_PATHS = "$(inherited) @executable_path/Frameworks @loader_path/Frameworks";
				PRODUCT_BUNDLE_IDENTIFIER = com.shashank.PitchPerfectTests;
				PRODUCT_NAME = "$(TARGET_NAME)";
				SWIFT_VERSION = 3.0;
				TEST_HOST = "$(BUILT_PRODUCTS_DIR)/PitchPerfect.app/PitchPerfect";
			};
			name = Release;
		};
		8ADAF8531D747B660039D088 /* Debug */ = {
			isa = XCBuildConfiguration;
			buildSettings = {
				INFOPLIST_FILE = PitchPerfectUITests/Info.plist;
				LD_RUNPATH_SEARCH_PATHS = "$(inherited) @executable_path/Frameworks @loader_path/Frameworks";
				PRODUCT_BUNDLE_IDENTIFIER = com.shashank.PitchPerfectUITests;
				PRODUCT_NAME = "$(TARGET_NAME)";
				SWIFT_VERSION = 3.0;
				TEST_TARGET_NAME = PitchPerfect;
			};
			name = Debug;
		};
		8ADAF8541D747B660039D088 /* Release */ = {
			isa = XCBuildConfiguration;
			buildSettings = {
				INFOPLIST_FILE = PitchPerfectUITests/Info.plist;
				LD_RUNPATH_SEARCH_PATHS = "$(inherited) @executable_path/Frameworks @loader_path/Frameworks";
				PRODUCT_BUNDLE_IDENTIFIER = com.shashank.PitchPerfectUITests;
				PRODUCT_NAME = "$(TARGET_NAME)";
				SWIFT_VERSION = 3.0;
				TEST_TARGET_NAME = PitchPerfect;
			};
			name = Release;
		};
/* End XCBuildConfiguration section */

/* Begin XCConfigurationList section */
		8ADAF81F1D747B660039D088 /* Build configuration list for PBXProject "PitchPerfect" */ = {
			isa = XCConfigurationList;
			buildConfigurations = (
				8ADAF84A1D747B660039D088 /* Debug */,
				8ADAF84B1D747B660039D088 /* Release */,
			);
			defaultConfigurationIsVisible = 0;
			defaultConfigurationName = Release;
		};
		8ADAF84C1D747B660039D088 /* Build configuration list for PBXNativeTarget "PitchPerfect" */ = {
			isa = XCConfigurationList;
			buildConfigurations = (
				8ADAF84D1D747B660039D088 /* Debug */,
				8ADAF84E1D747B660039D088 /* Release */,
			);
			defaultConfigurationIsVisible = 0;
			defaultConfigurationName = Release;
		};
		8ADAF84F1D747B660039D088 /* Build configuration list for PBXNativeTarget "PitchPerfectTests" */ = {
			isa = XCConfigurationList;
			buildConfigurations = (
				8ADAF8501D747B660039D088 /* Debug */,
				8ADAF8511D747B660039D088 /* Release */,
			);
			defaultConfigurationIsVisible = 0;
			defaultConfigurationName = Release;
		};
		8ADAF8521D747B660039D088 /* Build configuration list for PBXNativeTarget "PitchPerfectUITests" */ = {
			isa = XCConfigurationList;
			buildConfigurations = (
				8ADAF8531D747B660039D088 /* Debug */,
				8ADAF8541D747B660039D088 /* Release */,
			);
			defaultConfigurationIsVisible = 0;
			defaultConfigurationName = Release;
		};
/* End XCConfigurationList section */
	};
	rootObject = 8ADAF81C1D747B660039D088 /* Project object */;
}
